
Microsoft Visual Studio Solution File, Format Version 12.00
# Visual Studio Version 17
VisualStudioVersion = 17.5.002.0
MinimumVisualStudioVersion = 10.0.40219.1
Project("{9A19103F-16F7-4668-BE54-9A1E7A4F7556}") = "JogoDeAdivinhacaoComDicas", "JogoDeAdivinhacaoComDicas.csproj", "{0726C816-0A45-4972-9973-05673351F65E}"
EndProject
Global
	GlobalSection(SolutionConfigurationPlatforms) = preSolution
		Debug|Any CPU = Debug|Any CPU
		Release|Any CPU = Release|Any CPU
	EndGlobalSection
	GlobalSection(ProjectConfigurationPlatforms) = postSolution
		{0726C816-0A45-4972-9973-05673351F65E}.Debug|Any CPU.ActiveCfg = Debug|Any CPU
		{0726C816-0A45-4972-9973-05673351F65E}.Debug|Any CPU.Build.0 = Debug|Any CPU
		{0726C816-0A45-4972-9973-05673351F65E}.Release|Any CPU.ActiveCfg = Release|Any CPU
		{0726C816-0A45-4972-9973-05673351F65E}.Release|Any CPU.Build.0 = Release|Any CPU
	EndGlobalSection
	GlobalSection(SolutionProperties) = preSolution
		HideSolutionNode = FALSE
	EndGlobalSection
	GlobalSection(ExtensibilityGlobals) = postSolution
		SolutionGuid = {3E3190E0-9172-445C-8FFD-4AEDC9B06DB8}
	EndGlobalSection
EndGlobal
