
Microsoft Visual Studio Solution File, Format Version 12.00
# Visual Studio Version 17
VisualStudioVersion = 17.5.002.0
MinimumVisualStudioVersion = 10.0.40219.1
Project("{9A19103F-16F7-4668-BE54-9A1E7A4F7556}") = "ConversorDeMoeda", "ConversorDeMoeda\ConversorDeMoeda.csproj", "{F84F6C5A-3F7D-4327-AA5E-E0B74A8C6EDB}"
EndProject
Global
	GlobalSection(SolutionConfigurationPlatforms) = preSolution
		Debug|Any CPU = Debug|Any CPU
		Release|Any CPU = Release|Any CPU
	EndGlobalSection
	GlobalSection(ProjectConfigurationPlatforms) = postSolution
		{F84F6C5A-3F7D-4327-AA5E-E0B74A8C6EDB}.Debug|Any CPU.ActiveCfg = Debug|Any CPU
		{F84F6C5A-3F7D-4327-AA5E-E0B74A8C6EDB}.Debug|Any CPU.Build.0 = Debug|Any CPU
		{F84F6C5A-3F7D-4327-AA5E-E0B74A8C6EDB}.Release|Any CPU.ActiveCfg = Release|Any CPU
		{F84F6C5A-3F7D-4327-AA5E-E0B74A8C6EDB}.Release|Any CPU.Build.0 = Release|Any CPU
	EndGlobalSection
	GlobalSection(SolutionProperties) = preSolution
		HideSolutionNode = FALSE
	EndGlobalSection
	GlobalSection(ExtensibilityGlobals) = postSolution
		SolutionGuid = {32DCAAE1-8729-4E46-92EE-16F08E04F656}
	EndGlobalSection
EndGlobal
